// !$*UTF8*$!
{
	archiveVersion = 1;
	classes = {
	};
	objectVersion = 48;
	objects = {

/* Begin PBXBuildFile section */
		D44D104321587BD50053660F /* Card.swift in Sources */ = {isa = PBXBuildFile; fileRef = D44D104221587BD50053660F /* Card.swift */; };
		D44D104A2159C0A30053660F /* Group.swift in Sources */ = {isa = PBXBuildFile; fileRef = D44D10492159C0A30053660F /* Group.swift */; };
		D44D104C2159C52F0053660F /* CardTests.swift in Sources */ = {isa = PBXBuildFile; fileRef = D44D104B2159C52F0053660F /* CardTests.swift */; };
		D44D104E2159C61A0053660F /* GroupTests.swift in Sources */ = {isa = PBXBuildFile; fileRef = D44D104D2159C61A0053660F /* GroupTests.swift */; };
		D44D1050215DE1230053660F /* Melding.swift in Sources */ = {isa = PBXBuildFile; fileRef = D44D104F215DE1230053660F /* Melding.swift */; };
		D44D1052215DE2BF0053660F /* Hand.swift in Sources */ = {isa = PBXBuildFile; fileRef = D44D1051215DE2BF0053660F /* Hand.swift */; };
		D44D1054215F306F0053660F /* HandTests.swift in Sources */ = {isa = PBXBuildFile; fileRef = D44D1053215F306F0053660F /* HandTests.swift */; };
		D44D10562161C82D0053660F /* Deck.swift in Sources */ = {isa = PBXBuildFile; fileRef = D44D10552161C82D0053660F /* Deck.swift */; };
		D44D1058216265570053660F /* Game.swift in Sources */ = {isa = PBXBuildFile; fileRef = D44D1057216265570053660F /* Game.swift */; };
		D44D105A216279C40053660F /* PlayerState.swift in Sources */ = {isa = PBXBuildFile; fileRef = D44D1059216279C40053660F /* PlayerState.swift */; };
		D4747C2B2150A62F0044F0A6 /* ServiceManager.swift in Sources */ = {isa = PBXBuildFile; fileRef = D4747C2A2150A62F0044F0A6 /* ServiceManager.swift */; };
		D4E887032026B71700D11FF7 /* AppDelegate.swift in Sources */ = {isa = PBXBuildFile; fileRef = D4E887022026B71700D11FF7 /* AppDelegate.swift */; };
		D4E887052026B71700D11FF7 /* ViewController.swift in Sources */ = {isa = PBXBuildFile; fileRef = D4E887042026B71700D11FF7 /* ViewController.swift */; };
		D4E887082026B71700D11FF7 /* Main.storyboard in Resources */ = {isa = PBXBuildFile; fileRef = D4E887062026B71700D11FF7 /* Main.storyboard */; };
		D4E8870A2026B71700D11FF7 /* Assets.xcassets in Resources */ = {isa = PBXBuildFile; fileRef = D4E887092026B71700D11FF7 /* Assets.xcassets */; };
		D4E8870D2026B71700D11FF7 /* LaunchScreen.storyboard in Resources */ = {isa = PBXBuildFile; fileRef = D4E8870B2026B71700D11FF7 /* LaunchScreen.storyboard */; };
		D4E887182026B71800D11FF7 /* MultipeerGinTests.swift in Sources */ = {isa = PBXBuildFile; fileRef = D4E887172026B71800D11FF7 /* MultipeerGinTests.swift */; };
		D4E8872520312DFA00D11FF7 /* Suit.swift in Sources */ = {isa = PBXBuildFile; fileRef = D4E8872420312DFA00D11FF7 /* Suit.swift */; };
		D4E8872720312FA100D11FF7 /* Face.swift in Sources */ = {isa = PBXBuildFile; fileRef = D4E8872620312FA100D11FF7 /* Face.swift */; };
/* End PBXBuildFile section */

/* Begin PBXContainerItemProxy section */
		D4E887142026B71800D11FF7 /* PBXContainerItemProxy */ = {
			isa = PBXContainerItemProxy;
			containerPortal = D4E886F72026B71700D11FF7 /* Project object */;
			proxyType = 1;
			remoteGlobalIDString = D4E886FE2026B71700D11FF7;
			remoteInfo = MultipeerGin;
		};
/* End PBXContainerItemProxy section */

/* Begin PBXFileReference section */
		D44D104221587BD50053660F /* Card.swift */ = {isa = PBXFileReference; lastKnownFileType = sourcecode.swift; path = Card.swift; sourceTree = "<group>"; };
		D44D10492159C0A30053660F /* Group.swift */ = {isa = PBXFileReference; lastKnownFileType = sourcecode.swift; path = Group.swift; sourceTree = "<group>"; };
		D44D104B2159C52F0053660F /* CardTests.swift */ = {isa = PBXFileReference; lastKnownFileType = sourcecode.swift; path = CardTests.swift; sourceTree = "<group>"; };
		D44D104D2159C61A0053660F /* GroupTests.swift */ = {isa = PBXFileReference; lastKnownFileType = sourcecode.swift; path = GroupTests.swift; sourceTree = "<group>"; };
		D44D104F215DE1230053660F /* Melding.swift */ = {isa = PBXFileReference; lastKnownFileType = sourcecode.swift; path = Melding.swift; sourceTree = "<group>"; };
		D44D1051215DE2BF0053660F /* Hand.swift */ = {isa = PBXFileReference; lastKnownFileType = sourcecode.swift; path = Hand.swift; sourceTree = "<group>"; };
		D44D1053215F306F0053660F /* HandTests.swift */ = {isa = PBXFileReference; lastKnownFileType = sourcecode.swift; path = HandTests.swift; sourceTree = "<group>"; };
		D44D10552161C82D0053660F /* Deck.swift */ = {isa = PBXFileReference; lastKnownFileType = sourcecode.swift; path = Deck.swift; sourceTree = "<group>"; };
		D44D1057216265570053660F /* Game.swift */ = {isa = PBXFileReference; lastKnownFileType = sourcecode.swift; path = Game.swift; sourceTree = "<group>"; };
		D44D1059216279C40053660F /* PlayerState.swift */ = {isa = PBXFileReference; lastKnownFileType = sourcecode.swift; path = PlayerState.swift; sourceTree = "<group>"; };
		D4747C2A2150A62F0044F0A6 /* ServiceManager.swift */ = {isa = PBXFileReference; lastKnownFileType = sourcecode.swift; path = ServiceManager.swift; sourceTree = "<group>"; };
		D4E886FF2026B71700D11FF7 /* MultipeerGin.app */ = {isa = PBXFileReference; explicitFileType = wrapper.application; includeInIndex = 0; path = MultipeerGin.app; sourceTree = BUILT_PRODUCTS_DIR; };
		D4E887022026B71700D11FF7 /* AppDelegate.swift */ = {isa = PBXFileReference; lastKnownFileType = sourcecode.swift; path = AppDelegate.swift; sourceTree = "<group>"; };
		D4E887042026B71700D11FF7 /* ViewController.swift */ = {isa = PBXFileReference; lastKnownFileType = sourcecode.swift; path = ViewController.swift; sourceTree = "<group>"; };
		D4E887072026B71700D11FF7 /* Base */ = {isa = PBXFileReference; lastKnownFileType = file.storyboard; name = Base; path = Base.lproj/Main.storyboard; sourceTree = "<group>"; };
		D4E887092026B71700D11FF7 /* Assets.xcassets */ = {isa = PBXFileReference; lastKnownFileType = folder.assetcatalog; path = Assets.xcassets; sourceTree = "<group>"; };
		D4E8870C2026B71700D11FF7 /* Base */ = {isa = PBXFileReference; lastKnownFileType = file.storyboard; name = Base; path = Base.lproj/LaunchScreen.storyboard; sourceTree = "<group>"; };
		D4E8870E2026B71800D11FF7 /* Info.plist */ = {isa = PBXFileReference; lastKnownFileType = text.plist.xml; path = Info.plist; sourceTree = "<group>"; };
		D4E887132026B71800D11FF7 /* MultipeerGinTests.xctest */ = {isa = PBXFileReference; explicitFileType = wrapper.cfbundle; includeInIndex = 0; path = MultipeerGinTests.xctest; sourceTree = BUILT_PRODUCTS_DIR; };
		D4E887172026B71800D11FF7 /* MultipeerGinTests.swift */ = {isa = PBXFileReference; lastKnownFileType = sourcecode.swift; path = MultipeerGinTests.swift; sourceTree = "<group>"; };
		D4E887192026B71800D11FF7 /* Info.plist */ = {isa = PBXFileReference; lastKnownFileType = text.plist.xml; path = Info.plist; sourceTree = "<group>"; };
		D4E887222026B85500D11FF7 /* README.md */ = {isa = PBXFileReference; lastKnownFileType = net.daringfireball.markdown; path = README.md; sourceTree = "<group>"; };
		D4E8872420312DFA00D11FF7 /* Suit.swift */ = {isa = PBXFileReference; lastKnownFileType = sourcecode.swift; path = Suit.swift; sourceTree = "<group>"; };
		D4E8872620312FA100D11FF7 /* Face.swift */ = {isa = PBXFileReference; lastKnownFileType = sourcecode.swift; path = Face.swift; sourceTree = "<group>"; };
/* End PBXFileReference section */

/* Begin PBXFrameworksBuildPhase section */
		D4E886FC2026B71700D11FF7 /* Frameworks */ = {
			isa = PBXFrameworksBuildPhase;
			buildActionMask = 2147483647;
			files = (
			);
			runOnlyForDeploymentPostprocessing = 0;
		};
		D4E887102026B71800D11FF7 /* Frameworks */ = {
			isa = PBXFrameworksBuildPhase;
			buildActionMask = 2147483647;
			files = (
			);
			runOnlyForDeploymentPostprocessing = 0;
		};
/* End PBXFrameworksBuildPhase section */

/* Begin PBXGroup section */
		D4E886F62026B71700D11FF7 = {
			isa = PBXGroup;
			children = (
				D4E887222026B85500D11FF7 /* README.md */,
				D4E887012026B71700D11FF7 /* MultipeerGin */,
				D4E887162026B71800D11FF7 /* MultipeerGinTests */,
				D4E887002026B71700D11FF7 /* Products */,
			);
			sourceTree = "<group>";
		};
		D4E887002026B71700D11FF7 /* Products */ = {
			isa = PBXGroup;
			children = (
				D4E886FF2026B71700D11FF7 /* MultipeerGin.app */,
				D4E887132026B71800D11FF7 /* MultipeerGinTests.xctest */,
			);
			name = Products;
			sourceTree = "<group>";
		};
		D4E887012026B71700D11FF7 /* MultipeerGin */ = {
			isa = PBXGroup;
			children = (
				D4E8872320312DCA00D11FF7 /* Model */,
				D4E887022026B71700D11FF7 /* AppDelegate.swift */,
				D4747C2A2150A62F0044F0A6 /* ServiceManager.swift */,
				D4E887042026B71700D11FF7 /* ViewController.swift */,
				D4E887062026B71700D11FF7 /* Main.storyboard */,
				D4E887092026B71700D11FF7 /* Assets.xcassets */,
				D4E8870B2026B71700D11FF7 /* LaunchScreen.storyboard */,
				D4E8870E2026B71800D11FF7 /* Info.plist */,
			);
			path = MultipeerGin;
			sourceTree = "<group>";
		};
		D4E887162026B71800D11FF7 /* MultipeerGinTests */ = {
			isa = PBXGroup;
			children = (
				D4E887172026B71800D11FF7 /* MultipeerGinTests.swift */,
				D4E887192026B71800D11FF7 /* Info.plist */,
				D44D104B2159C52F0053660F /* CardTests.swift */,
				D44D104D2159C61A0053660F /* GroupTests.swift */,
				D44D1053215F306F0053660F /* HandTests.swift */,
			);
			path = MultipeerGinTests;
			sourceTree = "<group>";
		};
		D4E8872320312DCA00D11FF7 /* Model */ = {
			isa = PBXGroup;
			children = (
				D4E8872420312DFA00D11FF7 /* Suit.swift */,
				D4E8872620312FA100D11FF7 /* Face.swift */,
				D44D104221587BD50053660F /* Card.swift */,
				D44D10492159C0A30053660F /* Group.swift */,
				D44D104F215DE1230053660F /* Melding.swift */,
				D44D1051215DE2BF0053660F /* Hand.swift */,
				D44D10552161C82D0053660F /* Deck.swift */,
				D44D1059216279C40053660F /* PlayerState.swift */,
				D44D1057216265570053660F /* Game.swift */,
			);
			path = Model;
			sourceTree = "<group>";
		};
/* End PBXGroup section */

/* Begin PBXNativeTarget section */
		D4E886FE2026B71700D11FF7 /* MultipeerGin */ = {
			isa = PBXNativeTarget;
			buildConfigurationList = D4E8871C2026B71800D11FF7 /* Build configuration list for PBXNativeTarget "MultipeerGin" */;
			buildPhases = (
				D4E886FB2026B71700D11FF7 /* Sources */,
				D4E886FC2026B71700D11FF7 /* Frameworks */,
				D4E886FD2026B71700D11FF7 /* Resources */,
			);
			buildRules = (
			);
			dependencies = (
			);
			name = MultipeerGin;
			productName = MultipeerGin;
			productReference = D4E886FF2026B71700D11FF7 /* MultipeerGin.app */;
			productType = "com.apple.product-type.application";
		};
		D4E887122026B71800D11FF7 /* MultipeerGinTests */ = {
			isa = PBXNativeTarget;
			buildConfigurationList = D4E8871F2026B71800D11FF7 /* Build configuration list for PBXNativeTarget "MultipeerGinTests" */;
			buildPhases = (
				D4E8870F2026B71800D11FF7 /* Sources */,
				D4E887102026B71800D11FF7 /* Frameworks */,
				D4E887112026B71800D11FF7 /* Resources */,
			);
			buildRules = (
			);
			dependencies = (
				D4E887152026B71800D11FF7 /* PBXTargetDependency */,
			);
			name = MultipeerGinTests;
			productName = MultipeerGinTests;
			productReference = D4E887132026B71800D11FF7 /* MultipeerGinTests.xctest */;
			productType = "com.apple.product-type.bundle.unit-test";
		};
/* End PBXNativeTarget section */

/* Begin PBXProject section */
		D4E886F72026B71700D11FF7 /* Project object */ = {
			isa = PBXProject;
			attributes = {
				LastSwiftUpdateCheck = 0920;
				LastUpgradeCheck = 0920;
				ORGANIZATIONNAME = "Philip Delaquess";
				TargetAttributes = {
					D4E886FE2026B71700D11FF7 = {
						CreatedOnToolsVersion = 9.2;
						ProvisioningStyle = Automatic;
					};
					D4E887122026B71800D11FF7 = {
						CreatedOnToolsVersion = 9.2;
						ProvisioningStyle = Automatic;
						TestTargetID = D4E886FE2026B71700D11FF7;
					};
				};
			};
			buildConfigurationList = D4E886FA2026B71700D11FF7 /* Build configuration list for PBXProject "MultipeerGin" */;
			compatibilityVersion = "Xcode 8.0";
			developmentRegion = en;
			hasScannedForEncodings = 0;
			knownRegions = (
				en,
				Base,
			);
			mainGroup = D4E886F62026B71700D11FF7;
			productRefGroup = D4E887002026B71700D11FF7 /* Products */;
			projectDirPath = "";
			projectRoot = "";
			targets = (
				D4E886FE2026B71700D11FF7 /* MultipeerGin */,
				D4E887122026B71800D11FF7 /* MultipeerGinTests */,
			);
		};
/* End PBXProject section */

/* Begin PBXResourcesBuildPhase section */
		D4E886FD2026B71700D11FF7 /* Resources */ = {
			isa = PBXResourcesBuildPhase;
			buildActionMask = 2147483647;
			files = (
				D4E8870D2026B71700D11FF7 /* LaunchScreen.storyboard in Resources */,
				D4E8870A2026B71700D11FF7 /* Assets.xcassets in Resources */,
				D4E887082026B71700D11FF7 /* Main.storyboard in Resources */,
			);
			runOnlyForDeploymentPostprocessing = 0;
		};
		D4E887112026B71800D11FF7 /* Resources */ = {
			isa = PBXResourcesBuildPhase;
			buildActionMask = 2147483647;
			files = (
			);
			runOnlyForDeploymentPostprocessing = 0;
		};
/* End PBXResourcesBuildPhase section */

/* Begin PBXSourcesBuildPhase section */
		D4E886FB2026B71700D11FF7 /* Sources */ = {
			isa = PBXSourcesBuildPhase;
			buildActionMask = 2147483647;
			files = (
				D4E8872720312FA100D11FF7 /* Face.swift in Sources */,
				D4E887052026B71700D11FF7 /* ViewController.swift in Sources */,
				D44D10562161C82D0053660F /* Deck.swift in Sources */,
				D44D1050215DE1230053660F /* Melding.swift in Sources */,
				D44D104321587BD50053660F /* Card.swift in Sources */,
				D44D104A2159C0A30053660F /* Group.swift in Sources */,
				D44D1058216265570053660F /* Game.swift in Sources */,
				D4E8872520312DFA00D11FF7 /* Suit.swift in Sources */,
				D44D1052215DE2BF0053660F /* Hand.swift in Sources */,
				D4E887032026B71700D11FF7 /* AppDelegate.swift in Sources */,
				D44D105A216279C40053660F /* PlayerState.swift in Sources */,
				D4747C2B2150A62F0044F0A6 /* ServiceManager.swift in Sources */,
			);
			runOnlyForDeploymentPostprocessing = 0;
		};
		D4E8870F2026B71800D11FF7 /* Sources */ = {
			isa = PBXSourcesBuildPhase;
			buildActionMask = 2147483647;
			files = (
				D44D1054215F306F0053660F /* HandTests.swift in Sources */,
				D4E887182026B71800D11FF7 /* MultipeerGinTests.swift in Sources */,
				D44D104E2159C61A0053660F /* GroupTests.swift in Sources */,
				D44D104C2159C52F0053660F /* CardTests.swift in Sources */,
			);
			runOnlyForDeploymentPostprocessing = 0;
		};
/* End PBXSourcesBuildPhase section */

/* Begin PBXTargetDependency section */
		D4E887152026B71800D11FF7 /* PBXTargetDependency */ = {
			isa = PBXTargetDependency;
			target = D4E886FE2026B71700D11FF7 /* MultipeerGin */;
			targetProxy = D4E887142026B71800D11FF7 /* PBXContainerItemProxy */;
		};
/* End PBXTargetDependency section */

/* Begin PBXVariantGroup section */
		D4E887062026B71700D11FF7 /* Main.storyboard */ = {
			isa = PBXVariantGroup;
			children = (
				D4E887072026B71700D11FF7 /* Base */,
			);
			name = Main.storyboard;
			sourceTree = "<group>";
		};
		D4E8870B2026B71700D11FF7 /* LaunchScreen.storyboard */ = {
			isa = PBXVariantGroup;
			children = (
				D4E8870C2026B71700D11FF7 /* Base */,
			);
			name = LaunchScreen.storyboard;
			sourceTree = "<group>";
		};
/* End PBXVariantGroup section */

/* Begin XCBuildConfiguration section */
		D4E8871A2026B71800D11FF7 /* Debug */ = {
			isa = XCBuildConfiguration;
			buildSettings = {
				ALWAYS_SEARCH_USER_PATHS = NO;
				CLANG_ANALYZER_NONNULL = YES;
				CLANG_ANALYZER_NUMBER_OBJECT_CONVERSION = YES_AGGRESSIVE;
				CLANG_CXX_LANGUAGE_STANDARD = "gnu++14";
				CLANG_CXX_LIBRARY = "libc++";
				CLANG_ENABLE_MODULES = YES;
				CLANG_ENABLE_OBJC_ARC = YES;
				CLANG_WARN_BLOCK_CAPTURE_AUTORELEASING = YES;
				CLANG_WARN_BOOL_CONVERSION = YES;
				CLANG_WARN_COMMA = YES;
				CLANG_WARN_CONSTANT_CONVERSION = YES;
				CLANG_WARN_DIRECT_OBJC_ISA_USAGE = YES_ERROR;
				CLANG_WARN_DOCUMENTATION_COMMENTS = YES;
				CLANG_WARN_EMPTY_BODY = YES;
				CLANG_WARN_ENUM_CONVERSION = YES;
				CLANG_WARN_INFINITE_RECURSION = YES;
				CLANG_WARN_INT_CONVERSION = YES;
				CLANG_WARN_NON_LITERAL_NULL_CONVERSION = YES;
				CLANG_WARN_OBJC_LITERAL_CONVERSION = YES;
				CLANG_WARN_OBJC_ROOT_CLASS = YES_ERROR;
				CLANG_WARN_RANGE_LOOP_ANALYSIS = YES;
				CLANG_WARN_STRICT_PROTOTYPES = YES;
				CLANG_WARN_SUSPICIOUS_MOVE = YES;
				CLANG_WARN_UNGUARDED_AVAILABILITY = YES_AGGRESSIVE;
				CLANG_WARN_UNREACHABLE_CODE = YES;
				CLANG_WARN__DUPLICATE_METHOD_MATCH = YES;
				CODE_SIGN_IDENTITY = "iPhone Developer";
				COPY_PHASE_STRIP = NO;
				DEBUG_INFORMATION_FORMAT = dwarf;
				ENABLE_STRICT_OBJC_MSGSEND = YES;
				ENABLE_TESTABILITY = YES;
				GCC_C_LANGUAGE_STANDARD = gnu11;
				GCC_DYNAMIC_NO_PIC = NO;
				GCC_NO_COMMON_BLOCKS = YES;
				GCC_OPTIMIZATION_LEVEL = 0;
				GCC_PREPROCESSOR_DEFINITIONS = (
					"DEBUG=1",
					"$(inherited)",
				);
				GCC_WARN_64_TO_32_BIT_CONVERSION = YES;
				GCC_WARN_ABOUT_RETURN_TYPE = YES_ERROR;
				GCC_WARN_UNDECLARED_SELECTOR = YES;
				GCC_WARN_UNINITIALIZED_AUTOS = YES_AGGRESSIVE;
				GCC_WARN_UNUSED_FUNCTION = YES;
				GCC_WARN_UNUSED_VARIABLE = YES;
				IPHONEOS_DEPLOYMENT_TARGET = 11.2;
				MTL_ENABLE_DEBUG_INFO = YES;
				ONLY_ACTIVE_ARCH = YES;
				SDKROOT = iphoneos;
				SWIFT_ACTIVE_COMPILATION_CONDITIONS = DEBUG;
				SWIFT_OPTIMIZATION_LEVEL = "-Onone";
			};
			name = Debug;
		};
		D4E8871B2026B71800D11FF7 /* Release */ = {
			isa = XCBuildConfiguration;
			buildSettings = {
				ALWAYS_SEARCH_USER_PATHS = NO;
				CLANG_ANALYZER_NONNULL = YES;
				CLANG_ANALYZER_NUMBER_OBJECT_CONVERSION = YES_AGGRESSIVE;
				CLANG_CXX_LANGUAGE_STANDARD = "gnu++14";
				CLANG_CXX_LIBRARY = "libc++";
				CLANG_ENABLE_MODULES = YES;
				CLANG_ENABLE_OBJC_ARC = YES;
				CLANG_WARN_BLOCK_CAPTURE_AUTORELEASING = YES;
				CLANG_WARN_BOOL_CONVERSION = YES;
				CLANG_WARN_COMMA = YES;
				CLANG_WARN_CONSTANT_CONVERSION = YES;
				CLANG_WARN_DIRECT_OBJC_ISA_USAGE = YES_ERROR;
				CLANG_WARN_DOCUMENTATION_COMMENTS = YES;
				CLANG_WARN_EMPTY_BODY = YES;
				CLANG_WARN_ENUM_CONVERSION = YES;
				CLANG_WARN_INFINITE_RECURSION = YES;
				CLANG_WARN_INT_CONVERSION = YES;
				CLANG_WARN_NON_LITERAL_NULL_CONVERSION = YES;
				CLANG_WARN_OBJC_LITERAL_CONVERSION = YES;
				CLANG_WARN_OBJC_ROOT_CLASS = YES_ERROR;
				CLANG_WARN_RANGE_LOOP_ANALYSIS = YES;
				CLANG_WARN_STRICT_PROTOTYPES = YES;
				CLANG_WARN_SUSPICIOUS_MOVE = YES;
				CLANG_WARN_UNGUARDED_AVAILABILITY = YES_AGGRESSIVE;
				CLANG_WARN_UNREACHABLE_CODE = YES;
				CLANG_WARN__DUPLICATE_METHOD_MATCH = YES;
				CODE_SIGN_IDENTITY = "iPhone Developer";
				COPY_PHASE_STRIP = NO;
				DEBUG_INFORMATION_FORMAT = "dwarf-with-dsym";
				ENABLE_NS_ASSERTIONS = NO;
				ENABLE_STRICT_OBJC_MSGSEND = YES;
				GCC_C_LANGUAGE_STANDARD = gnu11;
				GCC_NO_COMMON_BLOCKS = YES;
				GCC_WARN_64_TO_32_BIT_CONVERSION = YES;
				GCC_WARN_ABOUT_RETURN_TYPE = YES_ERROR;
				GCC_WARN_UNDECLARED_SELECTOR = YES;
				GCC_WARN_UNINITIALIZED_AUTOS = YES_AGGRESSIVE;
				GCC_WARN_UNUSED_FUNCTION = YES;
				GCC_WARN_UNUSED_VARIABLE = YES;
				IPHONEOS_DEPLOYMENT_TARGET = 11.2;
				MTL_ENABLE_DEBUG_INFO = NO;
				SDKROOT = iphoneos;
				SWIFT_OPTIMIZATION_LEVEL = "-Owholemodule";
				VALIDATE_PRODUCT = YES;
			};
			name = Release;
		};
		D4E8871D2026B71800D11FF7 /* Debug */ = {
			isa = XCBuildConfiguration;
			buildSettings = {
				ASSETCATALOG_COMPILER_APPICON_NAME = AppIcon;
				CODE_SIGN_STYLE = Automatic;
				DEVELOPMENT_TEAM = 6A2RNPMX2T;
				INFOPLIST_FILE = MultipeerGin/Info.plist;
				LD_RUNPATH_SEARCH_PATHS = "$(inherited) @executable_path/Frameworks";
				PRODUCT_BUNDLE_IDENTIFIER = philip.ios.delaquess.MultipeerGin;
				PRODUCT_NAME = "$(TARGET_NAME)";
				SWIFT_VERSION = 4.0;
				TARGETED_DEVICE_FAMILY = "1,2";
			};
			name = Debug;
		};
		D4E8871E2026B71800D11FF7 /* Release */ = {
			isa = XCBuildConfiguration;
			buildSettings = {
				ASSETCATALOG_COMPILER_APPICON_NAME = AppIcon;
				CODE_SIGN_STYLE = Automatic;
				DEVELOPMENT_TEAM = 6A2RNPMX2T;
				INFOPLIST_FILE = MultipeerGin/Info.plist;
				LD_RUNPATH_SEARCH_PATHS = "$(inherited) @executable_path/Frameworks";
				PRODUCT_BUNDLE_IDENTIFIER = philip.ios.delaquess.MultipeerGin;
				PRODUCT_NAME = "$(TARGET_NAME)";
				SWIFT_VERSION = 4.0;
				TARGETED_DEVICE_FAMILY = "1,2";
			};
			name = Release;
		};
		D4E887202026B71800D11FF7 /* Debug */ = {
			isa = XCBuildConfiguration;
			buildSettings = {
				ALWAYS_EMBED_SWIFT_STANDARD_LIBRARIES = YES;
				BUNDLE_LOADER = "$(TEST_HOST)";
				CODE_SIGN_STYLE = Automatic;
				DEVELOPMENT_TEAM = 6A2RNPMX2T;
				INFOPLIST_FILE = MultipeerGinTests/Info.plist;
				LD_RUNPATH_SEARCH_PATHS = "$(inherited) @executable_path/Frameworks @loader_path/Frameworks";
				PRODUCT_BUNDLE_IDENTIFIER = philip.ios.delaquess.MultipeerGinTests;
				PRODUCT_NAME = "$(TARGET_NAME)";
				SWIFT_VERSION = 4.0;
				TARGETED_DEVICE_FAMILY = "1,2";
				TEST_HOST = "$(BUILT_PRODUCTS_DIR)/MultipeerGin.app/MultipeerGin";
			};
			name = Debug;
		};
		D4E887212026B71800D11FF7 /* Release */ = {
			isa = XCBuildConfiguration;
			buildSettings = {
				ALWAYS_EMBED_SWIFT_STANDARD_LIBRARIES = YES;
				BUNDLE_LOADER = "$(TEST_HOST)";
				CODE_SIGN_STYLE = Automatic;
				DEVELOPMENT_TEAM = 6A2RNPMX2T;
				INFOPLIST_FILE = MultipeerGinTests/Info.plist;
				LD_RUNPATH_SEARCH_PATHS = "$(inherited) @executable_path/Frameworks @loader_path/Frameworks";
				PRODUCT_BUNDLE_IDENTIFIER = philip.ios.delaquess.MultipeerGinTests;
				PRODUCT_NAME = "$(TARGET_NAME)";
				SWIFT_VERSION = 4.0;
				TARGETED_DEVICE_FAMILY = "1,2";
				TEST_HOST = "$(BUILT_PRODUCTS_DIR)/MultipeerGin.app/MultipeerGin";
			};
			name = Release;
		};
/* End XCBuildConfiguration section */

/* Begin XCConfigurationList section */
		D4E886FA2026B71700D11FF7 /* Build configuration list for PBXProject "MultipeerGin" */ = {
			isa = XCConfigurationList;
			buildConfigurations = (
				D4E8871A2026B71800D11FF7 /* Debug */,
				D4E8871B2026B71800D11FF7 /* Release */,
			);
			defaultConfigurationIsVisible = 0;
			defaultConfigurationName = Release;
		};
		D4E8871C2026B71800D11FF7 /* Build configuration list for PBXNativeTarget "MultipeerGin" */ = {
			isa = XCConfigurationList;
			buildConfigurations = (
				D4E8871D2026B71800D11FF7 /* Debug */,
				D4E8871E2026B71800D11FF7 /* Release */,
			);
			defaultConfigurationIsVisible = 0;
			defaultConfigurationName = Release;
		};
		D4E8871F2026B71800D11FF7 /* Build configuration list for PBXNativeTarget "MultipeerGinTests" */ = {
			isa = XCConfigurationList;
			buildConfigurations = (
				D4E887202026B71800D11FF7 /* Debug */,
				D4E887212026B71800D11FF7 /* Release */,
			);
			defaultConfigurationIsVisible = 0;
			defaultConfigurationName = Release;
		};
/* End XCConfigurationList section */
	};
	rootObject = D4E886F72026B71700D11FF7 /* Project object */;
}
